
Microsoft Visual Studio Solution File, Format Version 12.00
Project("{2150E333-8FDC-42A3-9474-1A3956D46DE8}") = ".github", ".github", "{BD321946-B6F4-43BF-BFC5-C9E56D3C6AE9}"
EndProject
Project("{2150E333-8FDC-42A3-9474-1A3956D46DE8}") = "workflows", "workflows", "{940367F4-5328-45CE-ABA7-72E7B5F7F7CD}"
ProjectSection(SolutionItems) = preProject
	.github\workflows\CreateServiceDocker.yml = .github\workflows\CreateServiceDocker.yml
	.github\workflows\ValidateCommit.yml = .github\workflows\ValidateCommit.yml
EndProjectSection
EndProject
Project("{FAE04EC0-301F-11D3-BF4B-00C04F79EFBC}") = "SmartOrderRouter.AdminApi", "src\SmartOrderRouter.AdminApi\SmartOrderRouter.AdminApi.csproj", "{9BB05062-30EE-4E44-BBA5-D95A1EF84B6E}"
EndProject
Project("{2150E333-8FDC-42A3-9474-1A3956D46DE8}") = "0. Solution items", "0. Solution items", "{0ED83D8F-26EF-4224-867C-EBA765D7FE32}"
ProjectSection(SolutionItems) = preProject
	.editorconfig = .editorconfig
	.gitattributes = .gitattributes
	.gitignore = .gitignore
	LICENSE = LICENSE
	README.md = README.md
EndProjectSection
EndProject
Global
	GlobalSection(SolutionConfigurationPlatforms) = preSolution
		Debug|Any CPU = Debug|Any CPU
		Release|Any CPU = Release|Any CPU
	EndGlobalSection
	GlobalSection(ProjectConfigurationPlatforms) = postSolution
		{9BB05062-30EE-4E44-BBA5-D95A1EF84B6E}.Debug|Any CPU.ActiveCfg = Debug|Any CPU
		{9BB05062-30EE-4E44-BBA5-D95A1EF84B6E}.Debug|Any CPU.Build.0 = Debug|Any CPU
		{9BB05062-30EE-4E44-BBA5-D95A1EF84B6E}.Release|Any CPU.ActiveCfg = Release|Any CPU
		{9BB05062-30EE-4E44-BBA5-D95A1EF84B6E}.Release|Any CPU.Build.0 = Release|Any CPU
	EndGlobalSection
	GlobalSection(NestedProjects) = preSolution
		{940367F4-5328-45CE-ABA7-72E7B5F7F7CD} = {BD321946-B6F4-43BF-BFC5-C9E56D3C6AE9}
	EndGlobalSection
EndGlobal
